
Microsoft Visual Studio Solution File, Format Version 12.00
# Visual Studio 15
Project("{FAE04EC0-301F-11D3-BF4B-00C04F79EFBC}") = "Assembly-CSharp", "Assembly-CSharp.csproj", "{300A5619-B4C1-549B-D957-9A2C9E48D9C7}"
EndProject
Project("{FAE04EC0-301F-11D3-BF4B-00C04F79EFBC}") = "Assembly-CSharp-firstpass", "Assembly-CSharp-firstpass.csproj", "{3AACC119-7546-971E-24CA-1C063345C981}"
EndProject
Project("{FAE04EC0-301F-11D3-BF4B-00C04F79EFBC}") = "Assembly-CSharp-Editor-firstpass", "Assembly-CSharp-Editor-firstpass.csproj", "{5F3B7D7A-6AFE-2F87-8155-7CCAF1590607}"
EndProject
Project("{FAE04EC0-301F-11D3-BF4B-00C04F79EFBC}") = "Assembly-CSharp-Editor", "Assembly-CSharp-Editor.csproj", "{1CFE2203-9679-0FF1-AFEA-3D6B3DBE178E}"
EndProject
Global
	GlobalSection(SolutionConfigurationPlatforms) = preSolution
		Debug|Any CPU = Debug|Any CPU
		Release|Any CPU = Release|Any CPU
	EndGlobalSection
	GlobalSection(ProjectConfigurationPlatforms) = postSolution
		{300A5619-B4C1-549B-D957-9A2C9E48D9C7}.Debug|Any CPU.ActiveCfg = Debug|Any CPU
		{300A5619-B4C1-549B-D957-9A2C9E48D9C7}.Debug|Any CPU.Build.0 = Debug|Any CPU
		{300A5619-B4C1-549B-D957-9A2C9E48D9C7}.Release|Any CPU.ActiveCfg = Release|Any CPU
		{300A5619-B4C1-549B-D957-9A2C9E48D9C7}.Release|Any CPU.Build.0 = Release|Any CPU
		{3AACC119-7546-971E-24CA-1C063345C981}.Debug|Any CPU.ActiveCfg = Debug|Any CPU
		{3AACC119-7546-971E-24CA-1C063345C981}.Debug|Any CPU.Build.0 = Debug|Any CPU
		{3AACC119-7546-971E-24CA-1C063345C981}.Release|Any CPU.ActiveCfg = Release|Any CPU
		{3AACC119-7546-971E-24CA-1C063345C981}.Release|Any CPU.Build.0 = Release|Any CPU
		{5F3B7D7A-6AFE-2F87-8155-7CCAF1590607}.Debug|Any CPU.ActiveCfg = Debug|Any CPU
		{5F3B7D7A-6AFE-2F87-8155-7CCAF1590607}.Debug|Any CPU.Build.0 = Debug|Any CPU
		{5F3B7D7A-6AFE-2F87-8155-7CCAF1590607}.Release|Any CPU.ActiveCfg = Release|Any CPU
		{5F3B7D7A-6AFE-2F87-8155-7CCAF1590607}.Release|Any CPU.Build.0 = Release|Any CPU
		{1CFE2203-9679-0FF1-AFEA-3D6B3DBE178E}.Debug|Any CPU.ActiveCfg = Debug|Any CPU
		{1CFE2203-9679-0FF1-AFEA-3D6B3DBE178E}.Debug|Any CPU.Build.0 = Debug|Any CPU
		{1CFE2203-9679-0FF1-AFEA-3D6B3DBE178E}.Release|Any CPU.ActiveCfg = Release|Any CPU
		{1CFE2203-9679-0FF1-AFEA-3D6B3DBE178E}.Release|Any CPU.Build.0 = Release|Any CPU
	EndGlobalSection
	GlobalSection(SolutionProperties) = preSolution
		HideSolutionNode = FALSE
	EndGlobalSection
EndGlobal
